
Microsoft Visual Studio Solution File, Format Version 12.00
# Visual Studio Version 17
VisualStudioVersion = 17.4.34221.32
MinimumVisualStudioVersion = 10.0.40219.1
Project("{FAE04EC0-301F-11D3-BF4B-00C04F79EFBC}") = "LoyaltyPointsExchangeSystem", "Loyalty Points Exchange System\LoyaltyPointsExchangeSystem.csproj", "{FEF0DB1E-A55A-4FCB-AA1B-03841D25C09F}"
EndProject
Global
	GlobalSection(SolutionConfigurationPlatforms) = preSolution
		Debug|Any CPU = Debug|Any CPU
		Release|Any CPU = Release|Any CPU
	EndGlobalSection
	GlobalSection(ProjectConfigurationPlatforms) = postSolution
		{FEF0DB1E-A55A-4FCB-AA1B-03841D25C09F}.Debug|Any CPU.ActiveCfg = Debug|Any CPU
		{FEF0DB1E-A55A-4FCB-AA1B-03841D25C09F}.Debug|Any CPU.Build.0 = Debug|Any CPU
		{FEF0DB1E-A55A-4FCB-AA1B-03841D25C09F}.Release|Any CPU.ActiveCfg = Release|Any CPU
		{FEF0DB1E-A55A-4FCB-AA1B-03841D25C09F}.Release|Any CPU.Build.0 = Release|Any CPU
	EndGlobalSection
	GlobalSection(SolutionProperties) = preSolution
		HideSolutionNode = FALSE
	EndGlobalSection
	GlobalSection(ExtensibilityGlobals) = postSolution
		SolutionGuid = {6E911168-1222-4CE4-826E-A574594B7738}
	EndGlobalSection
EndGlobal
